
Microsoft Visual Studio Solution File, Format Version 12.00
# Visual Studio Version 17
VisualStudioVersion = 17.12.35527.113 d17.12
MinimumVisualStudioVersion = 10.0.40219.1
Project("{FAE04EC0-301F-11D3-BF4B-00C04F79EFBC}") = "KoperasiTenterApp", "KoperasiTenterApp\KoperasiTenterApp.csproj", "{1FD5C12C-C5E9-4EE1-A2B5-4A6B391E8FA1}"
EndProject
Global
	GlobalSection(SolutionConfigurationPlatforms) = preSolution
		Debug|Any CPU = Debug|Any CPU
		Release|Any CPU = Release|Any CPU
	EndGlobalSection
	GlobalSection(ProjectConfigurationPlatforms) = postSolution
		{1FD5C12C-C5E9-4EE1-A2B5-4A6B391E8FA1}.Debug|Any CPU.ActiveCfg = Debug|Any CPU
		{1FD5C12C-C5E9-4EE1-A2B5-4A6B391E8FA1}.Debug|Any CPU.Build.0 = Debug|Any CPU
		{1FD5C12C-C5E9-4EE1-A2B5-4A6B391E8FA1}.Release|Any CPU.ActiveCfg = Release|Any CPU
		{1FD5C12C-C5E9-4EE1-A2B5-4A6B391E8FA1}.Release|Any CPU.Build.0 = Release|Any CPU
	EndGlobalSection
	GlobalSection(SolutionProperties) = preSolution
		HideSolutionNode = FALSE
	EndGlobalSection
EndGlobal
